
Microsoft Visual Studio Solution File, Format Version 12.00
# Visual Studio Version 17
VisualStudioVersion = 17.1.32210.238
MinimumVisualStudioVersion = 10.0.40219.1
Project("{FAE04EC0-301F-11D3-BF4B-00C04F79EFBC}") = "OOPFinalFM", "OOPFinalFM\OOPFinalFM.csproj", "{0DA82CD4-A39D-49A5-B2E1-61410EBE08B9}"
EndProject
Project("{FAE04EC0-301F-11D3-BF4B-00C04F79EFBC}") = "OOPFinalFM.Core", "OOPFinalFM.Core\OOPFinalFM.Core.csproj", "{F4ED05FC-B988-4206-8D5B-BA3116111F7E}"
EndProject
Project("{FAE04EC0-301F-11D3-BF4B-00C04F79EFBC}") = "OOPFinalFM.Handler", "OOPFinalFM.Handler\OOPFinalFM.Handler.csproj", "{D64F907E-BFF7-4F9D-AFAF-13E6CDB8494C}"
EndProject
Project("{FAE04EC0-301F-11D3-BF4B-00C04F79EFBC}") = "OOPFinalFM.UI", "OOPFinalFM.UI\OOPFinalFM.UI.csproj", "{074114B0-1A70-4DD4-A028-ACDE6665E7B1}"
EndProject
Project("{FAE04EC0-301F-11D3-BF4B-00C04F79EFBC}") = "OOPFinalFM.Configuration", "OOPFinalFM.Configuration\OOPFinalFM.Configuration.csproj", "{10C89FA7-0B0D-4DCA-B1E2-40FF3C09EACD}"
EndProject
Project("{FAE04EC0-301F-11D3-BF4B-00C04F79EFBC}") = "OOPFinalFM.Data", "OOPFinalFM.Data\OOPFinalFM.Data.csproj", "{8E854682-4627-4B7C-8160-5B5A85E6D23A}"
EndProject
Global
	GlobalSection(SolutionConfigurationPlatforms) = preSolution
		Debug|Any CPU = Debug|Any CPU
		Release|Any CPU = Release|Any CPU
	EndGlobalSection
	GlobalSection(ProjectConfigurationPlatforms) = postSolution
		{0DA82CD4-A39D-49A5-B2E1-61410EBE08B9}.Debug|Any CPU.ActiveCfg = Debug|Any CPU
		{0DA82CD4-A39D-49A5-B2E1-61410EBE08B9}.Debug|Any CPU.Build.0 = Debug|Any CPU
		{0DA82CD4-A39D-49A5-B2E1-61410EBE08B9}.Release|Any CPU.ActiveCfg = Release|Any CPU
		{0DA82CD4-A39D-49A5-B2E1-61410EBE08B9}.Release|Any CPU.Build.0 = Release|Any CPU
		{F4ED05FC-B988-4206-8D5B-BA3116111F7E}.Debug|Any CPU.ActiveCfg = Debug|Any CPU
		{F4ED05FC-B988-4206-8D5B-BA3116111F7E}.Debug|Any CPU.Build.0 = Debug|Any CPU
		{F4ED05FC-B988-4206-8D5B-BA3116111F7E}.Release|Any CPU.ActiveCfg = Release|Any CPU
		{F4ED05FC-B988-4206-8D5B-BA3116111F7E}.Release|Any CPU.Build.0 = Release|Any CPU
		{D64F907E-BFF7-4F9D-AFAF-13E6CDB8494C}.Debug|Any CPU.ActiveCfg = Debug|Any CPU
		{D64F907E-BFF7-4F9D-AFAF-13E6CDB8494C}.Debug|Any CPU.Build.0 = Debug|Any CPU
		{D64F907E-BFF7-4F9D-AFAF-13E6CDB8494C}.Release|Any CPU.ActiveCfg = Release|Any CPU
		{D64F907E-BFF7-4F9D-AFAF-13E6CDB8494C}.Release|Any CPU.Build.0 = Release|Any CPU
		{074114B0-1A70-4DD4-A028-ACDE6665E7B1}.Debug|Any CPU.ActiveCfg = Debug|Any CPU
		{074114B0-1A70-4DD4-A028-ACDE6665E7B1}.Debug|Any CPU.Build.0 = Debug|Any CPU
		{074114B0-1A70-4DD4-A028-ACDE6665E7B1}.Release|Any CPU.ActiveCfg = Release|Any CPU
		{074114B0-1A70-4DD4-A028-ACDE6665E7B1}.Release|Any CPU.Build.0 = Release|Any CPU
		{10C89FA7-0B0D-4DCA-B1E2-40FF3C09EACD}.Debug|Any CPU.ActiveCfg = Debug|Any CPU
		{10C89FA7-0B0D-4DCA-B1E2-40FF3C09EACD}.Debug|Any CPU.Build.0 = Debug|Any CPU
		{10C89FA7-0B0D-4DCA-B1E2-40FF3C09EACD}.Release|Any CPU.ActiveCfg = Release|Any CPU
		{10C89FA7-0B0D-4DCA-B1E2-40FF3C09EACD}.Release|Any CPU.Build.0 = Release|Any CPU
		{8E854682-4627-4B7C-8160-5B5A85E6D23A}.Debug|Any CPU.ActiveCfg = Debug|Any CPU
		{8E854682-4627-4B7C-8160-5B5A85E6D23A}.Debug|Any CPU.Build.0 = Debug|Any CPU
		{8E854682-4627-4B7C-8160-5B5A85E6D23A}.Release|Any CPU.ActiveCfg = Release|Any CPU
		{8E854682-4627-4B7C-8160-5B5A85E6D23A}.Release|Any CPU.Build.0 = Release|Any CPU
	EndGlobalSection
	GlobalSection(SolutionProperties) = preSolution
		HideSolutionNode = FALSE
	EndGlobalSection
	GlobalSection(ExtensibilityGlobals) = postSolution
		SolutionGuid = {D3122480-06B5-47F2-AD13-035E1B8E45E3}
	EndGlobalSection
EndGlobal
